
Microsoft Visual Studio Solution File, Format Version 12.00
# Visual Studio Version 17
VisualStudioVersion = 17.0.31903.59
MinimumVisualStudioVersion = 10.0.40219.1
Project("{FAE04EC0-301F-11D3-BF4B-00C04F79EFBC}") = "API", "API\API.csproj", "{D5C68480-EBDB-4DDF-94DD-E0CD5EDAF687}"
EndProject
Project("{FAE04EC0-301F-11D3-BF4B-00C04F79EFBC}") = "Application", "Application\Application.csproj", "{B9FCAE01-F0B3-4E0E-8646-2409000292D8}"
EndProject
Project("{FAE04EC0-301F-11D3-BF4B-00C04F79EFBC}") = "Domain", "Domain\Domain.csproj", "{11723AE9-3521-4B4D-8063-8ADC26EE0F4D}"
EndProject
Project("{FAE04EC0-301F-11D3-BF4B-00C04F79EFBC}") = "Persistence", "Persistence\Persistence.csproj", "{B1B5727C-0E7D-4311-BC73-1472E0F17FA4}"
EndProject
Global
	GlobalSection(SolutionConfigurationPlatforms) = preSolution
		Debug|Any CPU = Debug|Any CPU
		Debug|x64 = Debug|x64
		Debug|x86 = Debug|x86
		Release|Any CPU = Release|Any CPU
		Release|x64 = Release|x64
		Release|x86 = Release|x86
	EndGlobalSection
	GlobalSection(ProjectConfigurationPlatforms) = postSolution
		{D5C68480-EBDB-4DDF-94DD-E0CD5EDAF687}.Debug|Any CPU.ActiveCfg = Debug|Any CPU
		{D5C68480-EBDB-4DDF-94DD-E0CD5EDAF687}.Debug|Any CPU.Build.0 = Debug|Any CPU
		{D5C68480-EBDB-4DDF-94DD-E0CD5EDAF687}.Debug|x64.ActiveCfg = Debug|Any CPU
		{D5C68480-EBDB-4DDF-94DD-E0CD5EDAF687}.Debug|x64.Build.0 = Debug|Any CPU
		{D5C68480-EBDB-4DDF-94DD-E0CD5EDAF687}.Debug|x86.ActiveCfg = Debug|Any CPU
		{D5C68480-EBDB-4DDF-94DD-E0CD5EDAF687}.Debug|x86.Build.0 = Debug|Any CPU
		{D5C68480-EBDB-4DDF-94DD-E0CD5EDAF687}.Release|Any CPU.ActiveCfg = Release|Any CPU
		{D5C68480-EBDB-4DDF-94DD-E0CD5EDAF687}.Release|Any CPU.Build.0 = Release|Any CPU
		{D5C68480-EBDB-4DDF-94DD-E0CD5EDAF687}.Release|x64.ActiveCfg = Release|Any CPU
		{D5C68480-EBDB-4DDF-94DD-E0CD5EDAF687}.Release|x64.Build.0 = Release|Any CPU
		{D5C68480-EBDB-4DDF-94DD-E0CD5EDAF687}.Release|x86.ActiveCfg = Release|Any CPU
		{D5C68480-EBDB-4DDF-94DD-E0CD5EDAF687}.Release|x86.Build.0 = Release|Any CPU
		{B9FCAE01-F0B3-4E0E-8646-2409000292D8}.Debug|Any CPU.ActiveCfg = Debug|Any CPU
		{B9FCAE01-F0B3-4E0E-8646-2409000292D8}.Debug|Any CPU.Build.0 = Debug|Any CPU
		{B9FCAE01-F0B3-4E0E-8646-2409000292D8}.Debug|x64.ActiveCfg = Debug|Any CPU
		{B9FCAE01-F0B3-4E0E-8646-2409000292D8}.Debug|x64.Build.0 = Debug|Any CPU
		{B9FCAE01-F0B3-4E0E-8646-2409000292D8}.Debug|x86.ActiveCfg = Debug|Any CPU
		{B9FCAE01-F0B3-4E0E-8646-2409000292D8}.Debug|x86.Build.0 = Debug|Any CPU
		{B9FCAE01-F0B3-4E0E-8646-2409000292D8}.Release|Any CPU.ActiveCfg = Release|Any CPU
		{B9FCAE01-F0B3-4E0E-8646-2409000292D8}.Release|Any CPU.Build.0 = Release|Any CPU
		{B9FCAE01-F0B3-4E0E-8646-2409000292D8}.Release|x64.ActiveCfg = Release|Any CPU
		{B9FCAE01-F0B3-4E0E-8646-2409000292D8}.Release|x64.Build.0 = Release|Any CPU
		{B9FCAE01-F0B3-4E0E-8646-2409000292D8}.Release|x86.ActiveCfg = Release|Any CPU
		{B9FCAE01-F0B3-4E0E-8646-2409000292D8}.Release|x86.Build.0 = Release|Any CPU
		{11723AE9-3521-4B4D-8063-8ADC26EE0F4D}.Debug|Any CPU.ActiveCfg = Debug|Any CPU
		{11723AE9-3521-4B4D-8063-8ADC26EE0F4D}.Debug|Any CPU.Build.0 = Debug|Any CPU
		{11723AE9-3521-4B4D-8063-8ADC26EE0F4D}.Debug|x64.ActiveCfg = Debug|Any CPU
		{11723AE9-3521-4B4D-8063-8ADC26EE0F4D}.Debug|x64.Build.0 = Debug|Any CPU
		{11723AE9-3521-4B4D-8063-8ADC26EE0F4D}.Debug|x86.ActiveCfg = Debug|Any CPU
		{11723AE9-3521-4B4D-8063-8ADC26EE0F4D}.Debug|x86.Build.0 = Debug|Any CPU
		{11723AE9-3521-4B4D-8063-8ADC26EE0F4D}.Release|Any CPU.ActiveCfg = Release|Any CPU
		{11723AE9-3521-4B4D-8063-8ADC26EE0F4D}.Release|Any CPU.Build.0 = Release|Any CPU
		{11723AE9-3521-4B4D-8063-8ADC26EE0F4D}.Release|x64.ActiveCfg = Release|Any CPU
		{11723AE9-3521-4B4D-8063-8ADC26EE0F4D}.Release|x64.Build.0 = Release|Any CPU
		{11723AE9-3521-4B4D-8063-8ADC26EE0F4D}.Release|x86.ActiveCfg = Release|Any CPU
		{11723AE9-3521-4B4D-8063-8ADC26EE0F4D}.Release|x86.Build.0 = Release|Any CPU
		{B1B5727C-0E7D-4311-BC73-1472E0F17FA4}.Debug|Any CPU.ActiveCfg = Debug|Any CPU
		{B1B5727C-0E7D-4311-BC73-1472E0F17FA4}.Debug|Any CPU.Build.0 = Debug|Any CPU
		{B1B5727C-0E7D-4311-BC73-1472E0F17FA4}.Debug|x64.ActiveCfg = Debug|Any CPU
		{B1B5727C-0E7D-4311-BC73-1472E0F17FA4}.Debug|x64.Build.0 = Debug|Any CPU
		{B1B5727C-0E7D-4311-BC73-1472E0F17FA4}.Debug|x86.ActiveCfg = Debug|Any CPU
		{B1B5727C-0E7D-4311-BC73-1472E0F17FA4}.Debug|x86.Build.0 = Debug|Any CPU
		{B1B5727C-0E7D-4311-BC73-1472E0F17FA4}.Release|Any CPU.ActiveCfg = Release|Any CPU
		{B1B5727C-0E7D-4311-BC73-1472E0F17FA4}.Release|Any CPU.Build.0 = Release|Any CPU
		{B1B5727C-0E7D-4311-BC73-1472E0F17FA4}.Release|x64.ActiveCfg = Release|Any CPU
		{B1B5727C-0E7D-4311-BC73-1472E0F17FA4}.Release|x64.Build.0 = Release|Any CPU
		{B1B5727C-0E7D-4311-BC73-1472E0F17FA4}.Release|x86.ActiveCfg = Release|Any CPU
		{B1B5727C-0E7D-4311-BC73-1472E0F17FA4}.Release|x86.Build.0 = Release|Any CPU
	EndGlobalSection
	GlobalSection(SolutionProperties) = preSolution
		HideSolutionNode = FALSE
	EndGlobalSection
EndGlobal
